
Microsoft Visual Studio Solution File, Format Version 12.00
# Visual Studio Version 16
VisualStudioVersion = 16.0.34407.143
MinimumVisualStudioVersion = 10.0.40219.1
Project("{FAE04EC0-301F-11D3-BF4B-00C04F79EFBC}") = "TasteFoodIt", "TasteFoodIt\TasteFoodIt.csproj", "{D4D30EC8-8870-4739-A75B-6DF51D124FAF}"
EndProject
Global
	GlobalSection(SolutionConfigurationPlatforms) = preSolution
		Debug|Any CPU = Debug|Any CPU
		Release|Any CPU = Release|Any CPU
	EndGlobalSection
	GlobalSection(ProjectConfigurationPlatforms) = postSolution
		{D4D30EC8-8870-4739-A75B-6DF51D124FAF}.Debug|Any CPU.ActiveCfg = Debug|Any CPU
		{D4D30EC8-8870-4739-A75B-6DF51D124FAF}.Debug|Any CPU.Build.0 = Debug|Any CPU
		{D4D30EC8-8870-4739-A75B-6DF51D124FAF}.Release|Any CPU.ActiveCfg = Release|Any CPU
		{D4D30EC8-8870-4739-A75B-6DF51D124FAF}.Release|Any CPU.Build.0 = Release|Any CPU
	EndGlobalSection
	GlobalSection(SolutionProperties) = preSolution
		HideSolutionNode = FALSE
	EndGlobalSection
	GlobalSection(ExtensibilityGlobals) = postSolution
		SolutionGuid = {7F02E709-9E68-4EE1-92D1-24BE87F97103}
	EndGlobalSection
EndGlobal
